// !$*UTF8*$!
{
	archiveVersion = 1;
	classes = {
	};
	objectVersion = 46;
	objects = {

/* Begin PBXBuildFile section */
		649DF3511A7C6718004DC7A2 /* main.m in Sources */ = {isa = PBXBuildFile; fileRef = 649DF3501A7C6718004DC7A2 /* main.m */; };
		649DF3541A7C6718004DC7A2 /* AppDelegate.m in Sources */ = {isa = PBXBuildFile; fileRef = 649DF3531A7C6718004DC7A2 /* AppDelegate.m */; };
		649DF3571A7C6718004DC7A2 /* Twitternator.xcdatamodeld in Sources */ = {isa = PBXBuildFile; fileRef = 649DF3551A7C6718004DC7A2 /* Twitternator.xcdatamodeld */; };
		649DF35D1A7C6718004DC7A2 /* Main.storyboard in Resources */ = {isa = PBXBuildFile; fileRef = 649DF35B1A7C6718004DC7A2 /* Main.storyboard */; };
		649DF35F1A7C6718004DC7A2 /* Images.xcassets in Resources */ = {isa = PBXBuildFile; fileRef = 649DF35E1A7C6718004DC7A2 /* Images.xcassets */; };
		649DF3621A7C6718004DC7A2 /* LaunchScreen.xib in Resources */ = {isa = PBXBuildFile; fileRef = 649DF3601A7C6718004DC7A2 /* LaunchScreen.xib */; };
		649DF36E1A7C6718004DC7A2 /* TwitternatorTests.m in Sources */ = {isa = PBXBuildFile; fileRef = 649DF36D1A7C6718004DC7A2 /* TwitternatorTests.m */; };
		649DF3791A7C6846004DC7A2 /* HomeViewController.m in Sources */ = {isa = PBXBuildFile; fileRef = 649DF3781A7C6846004DC7A2 /* HomeViewController.m */; };
		649DF3821A7C6B0D004DC7A2 /* ClassifyTweetViewController.m in Sources */ = {isa = PBXBuildFile; fileRef = 649DF3811A7C6B0D004DC7A2 /* ClassifyTweetViewController.m */; };
		649DF3891A7C6BDA004DC7A2 /* TwitterManager.m in Sources */ = {isa = PBXBuildFile; fileRef = 649DF3881A7C6BDA004DC7A2 /* TwitterManager.m */; };
		649DF3921A7C7259004DC7A2 /* Author.m in Sources */ = {isa = PBXBuildFile; fileRef = 649DF3911A7C7259004DC7A2 /* Author.m */; };
		649DF3951A7C7274004DC7A2 /* Tweet.m in Sources */ = {isa = PBXBuildFile; fileRef = 649DF3941A7C7274004DC7A2 /* Tweet.m */; };
		649DF3981A7C730D004DC7A2 /* Tweet+Fetch.m in Sources */ = {isa = PBXBuildFile; fileRef = 649DF3971A7C730D004DC7A2 /* Tweet+Fetch.m */; };
		649DF39B1A7C7D4F004DC7A2 /* Author+Create.m in Sources */ = {isa = PBXBuildFile; fileRef = 649DF39A1A7C7D4F004DC7A2 /* Author+Create.m */; };
		649DF39E1A7C80FD004DC7A2 /* CoreDataTableViewController.m in Sources */ = {isa = PBXBuildFile; fileRef = 649DF39D1A7C80FD004DC7A2 /* CoreDataTableViewController.m */; };
		649DF3A61A7C83BD004DC7A2 /* CoolTweetsCDTVC.m in Sources */ = {isa = PBXBuildFile; fileRef = 649DF3A51A7C83BD004DC7A2 /* CoolTweetsCDTVC.m */; };
		649DF3AB1A7C9245004DC7A2 /* TwitterKit.framework in Frameworks */ = {isa = PBXBuildFile; fileRef = 649DF3A81A7C9245004DC7A2 /* TwitterKit.framework */; };
		649DF3AC1A7C9245004DC7A2 /* TwitterKitResources.bundle in Resources */ = {isa = PBXBuildFile; fileRef = 649DF3A91A7C9245004DC7A2 /* TwitterKitResources.bundle */; };
		649DF3AD1A7C9245004DC7A2 /* Fabric.framework in Frameworks */ = {isa = PBXBuildFile; fileRef = 649DF3AA1A7C9245004DC7A2 /* Fabric.framework */; };
		64A208861A7D07F700B54797 /* SWRevealViewController.m in Sources */ = {isa = PBXBuildFile; fileRef = 64A208851A7D07F600B54797 /* SWRevealViewController.m */; };
		64A208891A7D17B400B54797 /* MenuViewController.m in Sources */ = {isa = PBXBuildFile; fileRef = 64A208881A7D17B400B54797 /* MenuViewController.m */; };
		64B039801A7D8DD4004011A9 /* TweetElementBehavior.m in Sources */ = {isa = PBXBuildFile; fileRef = 64B0397F1A7D8DD4004011A9 /* TweetElementBehavior.m */; };
		64B039831A7E7808004011A9 /* AboutViewController.m in Sources */ = {isa = PBXBuildFile; fileRef = 64B039821A7E7808004011A9 /* AboutViewController.m */; };
		64B039851A7EBA77004011A9 /* CoreLocation.framework in Frameworks */ = {isa = PBXBuildFile; fileRef = 64B039841A7EBA77004011A9 /* CoreLocation.framework */; };
		64B0398E1A7EE040004011A9 /* chime.wav in Resources */ = {isa = PBXBuildFile; fileRef = 64B039871A7EE040004011A9 /* chime.wav */; };
		64B0398F1A7EE040004011A9 /* boing_poing.wav in Resources */ = {isa = PBXBuildFile; fileRef = 64B039881A7EE040004011A9 /* boing_poing.wav */; };
		64B039901A7EE040004011A9 /* boo.wav in Resources */ = {isa = PBXBuildFile; fileRef = 64B039891A7EE040004011A9 /* boo.wav */; };
		64B039911A7EE040004011A9 /* chime_up.wav in Resources */ = {isa = PBXBuildFile; fileRef = 64B0398A1A7EE040004011A9 /* chime_up.wav */; };
		64B039921A7EE040004011A9 /* boom_x.wav in Resources */ = {isa = PBXBuildFile; fileRef = 64B0398B1A7EE040004011A9 /* boom_x.wav */; };
		64B039931A7EE040004011A9 /* boxing_bell.wav in Resources */ = {isa = PBXBuildFile; fileRef = 64B0398C1A7EE040004011A9 /* boxing_bell.wav */; };
		64B039941A7EE040004011A9 /* coin.wav in Resources */ = {isa = PBXBuildFile; fileRef = 64B0398D1A7EE040004011A9 /* coin.wav */; };
		64B039961A7EE077004011A9 /* AudioToolbox.framework in Frameworks */ = {isa = PBXBuildFile; fileRef = 64B039951A7EE077004011A9 /* AudioToolbox.framework */; };
/* End PBXBuildFile section */

/* Begin PBXContainerItemProxy section */
		649DF3681A7C6718004DC7A2 /* PBXContainerItemProxy */ = {
			isa = PBXContainerItemProxy;
			containerPortal = 649DF3431A7C6718004DC7A2 /* Project object */;
			proxyType = 1;
			remoteGlobalIDString = 649DF34A1A7C6718004DC7A2;
			remoteInfo = Twitternator;
		};
/* End PBXContainerItemProxy section */

/* Begin PBXFileReference section */
		649DF34B1A7C6718004DC7A2 /* Twitternator.app */ = {isa = PBXFileReference; explicitFileType = wrapper.application; includeInIndex = 0; path = Twitternator.app; sourceTree = BUILT_PRODUCTS_DIR; };
		649DF34F1A7C6718004DC7A2 /* Info.plist */ = {isa = PBXFileReference; lastKnownFileType = text.plist.xml; path = Info.plist; sourceTree = "<group>"; };
		649DF3501A7C6718004DC7A2 /* main.m */ = {isa = PBXFileReference; lastKnownFileType = sourcecode.c.objc; path = main.m; sourceTree = "<group>"; };
		649DF3521A7C6718004DC7A2 /* AppDelegate.h */ = {isa = PBXFileReference; lastKnownFileType = sourcecode.c.h; path = AppDelegate.h; sourceTree = "<group>"; };
		649DF3531A7C6718004DC7A2 /* AppDelegate.m */ = {isa = PBXFileReference; lastKnownFileType = sourcecode.c.objc; path = AppDelegate.m; sourceTree = "<group>"; };
		649DF3561A7C6718004DC7A2 /* Twitternator.xcdatamodel */ = {isa = PBXFileReference; lastKnownFileType = wrapper.xcdatamodel; path = Twitternator.xcdatamodel; sourceTree = "<group>"; };
		649DF35C1A7C6718004DC7A2 /* Base */ = {isa = PBXFileReference; lastKnownFileType = file.storyboard; name = Base; path = Base.lproj/Main.storyboard; sourceTree = "<group>"; };
		649DF35E1A7C6718004DC7A2 /* Images.xcassets */ = {isa = PBXFileReference; lastKnownFileType = folder.assetcatalog; path = Images.xcassets; sourceTree = "<group>"; };
		649DF3611A7C6718004DC7A2 /* Base */ = {isa = PBXFileReference; lastKnownFileType = file.xib; name = Base; path = Base.lproj/LaunchScreen.xib; sourceTree = "<group>"; };
		649DF3671A7C6718004DC7A2 /* TwitternatorTests.xctest */ = {isa = PBXFileReference; explicitFileType = wrapper.cfbundle; includeInIndex = 0; path = TwitternatorTests.xctest; sourceTree = BUILT_PRODUCTS_DIR; };
		649DF36C1A7C6718004DC7A2 /* Info.plist */ = {isa = PBXFileReference; lastKnownFileType = text.plist.xml; path = Info.plist; sourceTree = "<group>"; };
		649DF36D1A7C6718004DC7A2 /* TwitternatorTests.m */ = {isa = PBXFileReference; lastKnownFileType = sourcecode.c.objc; path = TwitternatorTests.m; sourceTree = "<group>"; };
		649DF3771A7C6846004DC7A2 /* HomeViewController.h */ = {isa = PBXFileReference; fileEncoding = 4; lastKnownFileType = sourcecode.c.h; name = HomeViewController.h; path = Twitternator/HomeViewController.h; sourceTree = "<group>"; };
		649DF3781A7C6846004DC7A2 /* HomeViewController.m */ = {isa = PBXFileReference; fileEncoding = 4; lastKnownFileType = sourcecode.c.objc; name = HomeViewController.m; path = Twitternator/HomeViewController.m; sourceTree = "<group>"; };
		649DF3801A7C6B0D004DC7A2 /* ClassifyTweetViewController.h */ = {isa = PBXFileReference; fileEncoding = 4; lastKnownFileType = sourcecode.c.h; name = ClassifyTweetViewController.h; path = Twitternator/ClassifyTweetViewController.h; sourceTree = "<group>"; };
		649DF3811A7C6B0D004DC7A2 /* ClassifyTweetViewController.m */ = {isa = PBXFileReference; fileEncoding = 4; lastKnownFileType = sourcecode.c.objc; name = ClassifyTweetViewController.m; path = Twitternator/ClassifyTweetViewController.m; sourceTree = "<group>"; };
		649DF3871A7C6BDA004DC7A2 /* TwitterManager.h */ = {isa = PBXFileReference; fileEncoding = 4; lastKnownFileType = sourcecode.c.h; path = TwitterManager.h; sourceTree = "<group>"; };
		649DF3881A7C6BDA004DC7A2 /* TwitterManager.m */ = {isa = PBXFileReference; fileEncoding = 4; lastKnownFileType = sourcecode.c.objc; path = TwitterManager.m; sourceTree = "<group>"; };
		649DF3901A7C7259004DC7A2 /* Author.h */ = {isa = PBXFileReference; fileEncoding = 4; lastKnownFileType = sourcecode.c.h; path = Author.h; sourceTree = "<group>"; };
		649DF3911A7C7259004DC7A2 /* Author.m */ = {isa = PBXFileReference; fileEncoding = 4; lastKnownFileType = sourcecode.c.objc; path = Author.m; sourceTree = "<group>"; };
		649DF3931A7C7274004DC7A2 /* Tweet.h */ = {isa = PBXFileReference; fileEncoding = 4; lastKnownFileType = sourcecode.c.h; path = Tweet.h; sourceTree = "<group>"; };
		649DF3941A7C7274004DC7A2 /* Tweet.m */ = {isa = PBXFileReference; fileEncoding = 4; lastKnownFileType = sourcecode.c.objc; path = Tweet.m; sourceTree = "<group>"; };
		649DF3961A7C730D004DC7A2 /* Tweet+Fetch.h */ = {isa = PBXFileReference; fileEncoding = 4; lastKnownFileType = sourcecode.c.h; path = "Tweet+Fetch.h"; sourceTree = "<group>"; };
		649DF3971A7C730D004DC7A2 /* Tweet+Fetch.m */ = {isa = PBXFileReference; fileEncoding = 4; lastKnownFileType = sourcecode.c.objc; path = "Tweet+Fetch.m"; sourceTree = "<group>"; };
		649DF3991A7C7D4F004DC7A2 /* Author+Create.h */ = {isa = PBXFileReference; fileEncoding = 4; lastKnownFileType = sourcecode.c.h; path = "Author+Create.h"; sourceTree = "<group>"; };
		649DF39A1A7C7D4F004DC7A2 /* Author+Create.m */ = {isa = PBXFileReference; fileEncoding = 4; lastKnownFileType = sourcecode.c.objc; path = "Author+Create.m"; sourceTree = "<group>"; };
		649DF39C1A7C80FD004DC7A2 /* CoreDataTableViewController.h */ = {isa = PBXFileReference; fileEncoding = 4; lastKnownFileType = sourcecode.c.h; name = CoreDataTableViewController.h; path = Twitternator/CoreDataTableViewController.h; sourceTree = "<group>"; };
		649DF39D1A7C80FD004DC7A2 /* CoreDataTableViewController.m */ = {isa = PBXFileReference; fileEncoding = 4; lastKnownFileType = sourcecode.c.objc; name = CoreDataTableViewController.m; path = Twitternator/CoreDataTableViewController.m; sourceTree = "<group>"; };
		649DF3A41A7C83BD004DC7A2 /* CoolTweetsCDTVC.h */ = {isa = PBXFileReference; fileEncoding = 4; lastKnownFileType = sourcecode.c.h; name = CoolTweetsCDTVC.h; path = Twitternator/CoolTweetsCDTVC.h; sourceTree = "<group>"; };
		649DF3A51A7C83BD004DC7A2 /* CoolTweetsCDTVC.m */ = {isa = PBXFileReference; fileEncoding = 4; lastKnownFileType = sourcecode.c.objc; name = CoolTweetsCDTVC.m; path = Twitternator/CoolTweetsCDTVC.m; sourceTree = "<group>"; };
		649DF3A81A7C9245004DC7A2 /* TwitterKit.framework */ = {isa = PBXFileReference; lastKnownFileType = wrapper.framework; path = TwitterKit.framework; sourceTree = "<group>"; };
		649DF3A91A7C9245004DC7A2 /* TwitterKitResources.bundle */ = {isa = PBXFileReference; lastKnownFileType = "wrapper.plug-in"; path = TwitterKitResources.bundle; sourceTree = "<group>"; };
		649DF3AA1A7C9245004DC7A2 /* Fabric.framework */ = {isa = PBXFileReference; lastKnownFileType = wrapper.framework; path = Fabric.framework; sourceTree = "<group>"; };
		64A208841A7D07F600B54797 /* SWRevealViewController.h */ = {isa = PBXFileReference; fileEncoding = 4; lastKnownFileType = sourcecode.c.h; name = SWRevealViewController.h; path = Twitternator/SWRevealViewController.h; sourceTree = "<group>"; };
		64A208851A7D07F600B54797 /* SWRevealViewController.m */ = {isa = PBXFileReference; fileEncoding = 4; lastKnownFileType = sourcecode.c.objc; name = SWRevealViewController.m; path = Twitternator/SWRevealViewController.m; sourceTree = "<group>"; };
		64A208871A7D17B400B54797 /* MenuViewController.h */ = {isa = PBXFileReference; fileEncoding = 4; lastKnownFileType = sourcecode.c.h; name = MenuViewController.h; path = Twitternator/MenuViewController.h; sourceTree = "<group>"; };
		64A208881A7D17B400B54797 /* MenuViewController.m */ = {isa = PBXFileReference; fileEncoding = 4; lastKnownFileType = sourcecode.c.objc; name = MenuViewController.m; path = Twitternator/MenuViewController.m; sourceTree = "<group>"; };
		64B0397E1A7D8DD4004011A9 /* TweetElementBehavior.h */ = {isa = PBXFileReference; fileEncoding = 4; lastKnownFileType = sourcecode.c.h; path = TweetElementBehavior.h; sourceTree = "<group>"; };
		64B0397F1A7D8DD4004011A9 /* TweetElementBehavior.m */ = {isa = PBXFileReference; fileEncoding = 4; lastKnownFileType = sourcecode.c.objc; path = TweetElementBehavior.m; sourceTree = "<group>"; };
		64B039811A7E7808004011A9 /* AboutViewController.h */ = {isa = PBXFileReference; fileEncoding = 4; lastKnownFileType = sourcecode.c.h; name = AboutViewController.h; path = Twitternator/AboutViewController.h; sourceTree = "<group>"; };
		64B039821A7E7808004011A9 /* AboutViewController.m */ = {isa = PBXFileReference; fileEncoding = 4; lastKnownFileType = sourcecode.c.objc; name = AboutViewController.m; path = Twitternator/AboutViewController.m; sourceTree = "<group>"; };
		64B039841A7EBA77004011A9 /* CoreLocation.framework */ = {isa = PBXFileReference; lastKnownFileType = wrapper.framework; name = CoreLocation.framework; path = System/Library/Frameworks/CoreLocation.framework; sourceTree = SDKROOT; };
		64B039871A7EE040004011A9 /* chime.wav */ = {isa = PBXFileReference; lastKnownFileType = audio.wav; path = chime.wav; sourceTree = "<group>"; };
		64B039881A7EE040004011A9 /* boing_poing.wav */ = {isa = PBXFileReference; lastKnownFileType = audio.wav; path = boing_poing.wav; sourceTree = "<group>"; };
		64B039891A7EE040004011A9 /* boo.wav */ = {isa = PBXFileReference; lastKnownFileType = audio.wav; path = boo.wav; sourceTree = "<group>"; };
		64B0398A1A7EE040004011A9 /* chime_up.wav */ = {isa = PBXFileReference; lastKnownFileType = audio.wav; path = chime_up.wav; sourceTree = "<group>"; };
		64B0398B1A7EE040004011A9 /* boom_x.wav */ = {isa = PBXFileReference; lastKnownFileType = audio.wav; path = boom_x.wav; sourceTree = "<group>"; };
		64B0398C1A7EE040004011A9 /* boxing_bell.wav */ = {isa = PBXFileReference; lastKnownFileType = audio.wav; path = boxing_bell.wav; sourceTree = "<group>"; };
		64B0398D1A7EE040004011A9 /* coin.wav */ = {isa = PBXFileReference; lastKnownFileType = audio.wav; path = coin.wav; sourceTree = "<group>"; };
		64B039951A7EE077004011A9 /* AudioToolbox.framework */ = {isa = PBXFileReference; lastKnownFileType = wrapper.framework; name = AudioToolbox.framework; path = System/Library/Frameworks/AudioToolbox.framework; sourceTree = SDKROOT; };
/* End PBXFileReference section */

/* Begin PBXFrameworksBuildPhase section */
		649DF3481A7C6718004DC7A2 /* Frameworks */ = {
			isa = PBXFrameworksBuildPhase;
			buildActionMask = 2147483647;
			files = (
				64B039961A7EE077004011A9 /* AudioToolbox.framework in Frameworks */,
				64B039851A7EBA77004011A9 /* CoreLocation.framework in Frameworks */,
				649DF3AB1A7C9245004DC7A2 /* TwitterKit.framework in Frameworks */,
				649DF3AD1A7C9245004DC7A2 /* Fabric.framework in Frameworks */,
			);
			runOnlyForDeploymentPostprocessing = 0;
		};
		649DF3641A7C6718004DC7A2 /* Frameworks */ = {
			isa = PBXFrameworksBuildPhase;
			buildActionMask = 2147483647;
			files = (
			);
			runOnlyForDeploymentPostprocessing = 0;
		};
/* End PBXFrameworksBuildPhase section */

/* Begin PBXGroup section */
		649DF3421A7C6718004DC7A2 = {
			isa = PBXGroup;
			children = (
				649DF34D1A7C6718004DC7A2 /* Twitternator */,
				649DF36A1A7C6718004DC7A2 /* TwitternatorTests */,
				649DF34C1A7C6718004DC7A2 /* Products */,
			);
			sourceTree = "<group>";
		};
		649DF34C1A7C6718004DC7A2 /* Products */ = {
			isa = PBXGroup;
			children = (
				649DF34B1A7C6718004DC7A2 /* Twitternator.app */,
				649DF3671A7C6718004DC7A2 /* TwitternatorTests.xctest */,
			);
			name = Products;
			sourceTree = "<group>";
		};
		649DF34D1A7C6718004DC7A2 /* Twitternator */ = {
			isa = PBXGroup;
			children = (
				649DF3A01A7C81AE004DC7A2 /* Views */,
				649DF37A1A7C6850004DC7A2 /* View Controllers */,
				649DF3861A7C6B9C004DC7A2 /* Classes */,
				649DF37C1A7C6880004DC7A2 /* CoreData Files */,
				649DF34E1A7C6718004DC7A2 /* Supporting Files */,
			);
			path = Twitternator;
			sourceTree = "<group>";
		};
		649DF34E1A7C6718004DC7A2 /* Supporting Files */ = {
			isa = PBXGroup;
			children = (
				64B039861A7EE02D004011A9 /* Sound Effects */,
				649DF3AE1A7C929D004DC7A2 /* Frameworks */,
				649DF3521A7C6718004DC7A2 /* AppDelegate.h */,
				649DF3531A7C6718004DC7A2 /* AppDelegate.m */,
				649DF3551A7C6718004DC7A2 /* Twitternator.xcdatamodeld */,
				649DF35E1A7C6718004DC7A2 /* Images.xcassets */,
				649DF34F1A7C6718004DC7A2 /* Info.plist */,
				649DF3501A7C6718004DC7A2 /* main.m */,
			);
			name = "Supporting Files";
			sourceTree = "<group>";
		};
		649DF36A1A7C6718004DC7A2 /* TwitternatorTests */ = {
			isa = PBXGroup;
			children = (
				649DF36D1A7C6718004DC7A2 /* TwitternatorTests.m */,
				649DF36B1A7C6718004DC7A2 /* Supporting Files */,
			);
			path = TwitternatorTests;
			sourceTree = "<group>";
		};
		649DF36B1A7C6718004DC7A2 /* Supporting Files */ = {
			isa = PBXGroup;
			children = (
				649DF36C1A7C6718004DC7A2 /* Info.plist */,
			);
			name = "Supporting Files";
			sourceTree = "<group>";
		};
		649DF37A1A7C6850004DC7A2 /* View Controllers */ = {
			isa = PBXGroup;
			children = (
				649DF39F1A7C810A004DC7A2 /* CoreDataTableViewController */,
				649DF3771A7C6846004DC7A2 /* HomeViewController.h */,
				649DF3781A7C6846004DC7A2 /* HomeViewController.m */,
				649DF3A41A7C83BD004DC7A2 /* CoolTweetsCDTVC.h */,
				649DF3A51A7C83BD004DC7A2 /* CoolTweetsCDTVC.m */,
				649DF3801A7C6B0D004DC7A2 /* ClassifyTweetViewController.h */,
				649DF3811A7C6B0D004DC7A2 /* ClassifyTweetViewController.m */,
				64A208871A7D17B400B54797 /* MenuViewController.h */,
				64A208881A7D17B400B54797 /* MenuViewController.m */,
				64A208841A7D07F600B54797 /* SWRevealViewController.h */,
				64A208851A7D07F600B54797 /* SWRevealViewController.m */,
				64B039811A7E7808004011A9 /* AboutViewController.h */,
				64B039821A7E7808004011A9 /* AboutViewController.m */,
			);
			name = "View Controllers";
			path = ..;
			sourceTree = "<group>";
		};
		649DF37C1A7C6880004DC7A2 /* CoreData Files */ = {
			isa = PBXGroup;
			children = (
				649DF3931A7C7274004DC7A2 /* Tweet.h */,
				649DF3941A7C7274004DC7A2 /* Tweet.m */,
				649DF3901A7C7259004DC7A2 /* Author.h */,
				649DF3911A7C7259004DC7A2 /* Author.m */,
				649DF3961A7C730D004DC7A2 /* Tweet+Fetch.h */,
				649DF3971A7C730D004DC7A2 /* Tweet+Fetch.m */,
				649DF3991A7C7D4F004DC7A2 /* Author+Create.h */,
				649DF39A1A7C7D4F004DC7A2 /* Author+Create.m */,
			);
			name = "CoreData Files";
			sourceTree = "<group>";
		};
		649DF3861A7C6B9C004DC7A2 /* Classes */ = {
			isa = PBXGroup;
			children = (
				64B0397E1A7D8DD4004011A9 /* TweetElementBehavior.h */,
				64B0397F1A7D8DD4004011A9 /* TweetElementBehavior.m */,
				649DF3871A7C6BDA004DC7A2 /* TwitterManager.h */,
				649DF3881A7C6BDA004DC7A2 /* TwitterManager.m */,
			);
			name = Classes;
			sourceTree = "<group>";
		};
		649DF39F1A7C810A004DC7A2 /* CoreDataTableViewController */ = {
			isa = PBXGroup;
			children = (
				649DF39C1A7C80FD004DC7A2 /* CoreDataTableViewController.h */,
				649DF39D1A7C80FD004DC7A2 /* CoreDataTableViewController.m */,
			);
			name = CoreDataTableViewController;
			sourceTree = "<group>";
		};
		649DF3A01A7C81AE004DC7A2 /* Views */ = {
			isa = PBXGroup;
			children = (
				649DF35B1A7C6718004DC7A2 /* Main.storyboard */,
				649DF3601A7C6718004DC7A2 /* LaunchScreen.xib */,
			);
			name = Views;
			sourceTree = "<group>";
		};
		649DF3AE1A7C929D004DC7A2 /* Frameworks */ = {
			isa = PBXGroup;
			children = (
				64B039951A7EE077004011A9 /* AudioToolbox.framework */,
				64B039841A7EBA77004011A9 /* CoreLocation.framework */,
				649DF3A81A7C9245004DC7A2 /* TwitterKit.framework */,
				649DF3A91A7C9245004DC7A2 /* TwitterKitResources.bundle */,
				649DF3AA1A7C9245004DC7A2 /* Fabric.framework */,
			);
			name = Frameworks;
			sourceTree = "<group>";
		};
		64B039861A7EE02D004011A9 /* Sound Effects */ = {
			isa = PBXGroup;
			children = (
				64B039881A7EE040004011A9 /* boing_poing.wav */,
				64B039891A7EE040004011A9 /* boo.wav */,
				64B0398B1A7EE040004011A9 /* boom_x.wav */,
				64B0398C1A7EE040004011A9 /* boxing_bell.wav */,
				64B0398A1A7EE040004011A9 /* chime_up.wav */,
				64B039871A7EE040004011A9 /* chime.wav */,
				64B0398D1A7EE040004011A9 /* coin.wav */,
			);
			name = "Sound Effects";
			sourceTree = "<group>";
		};
/* End PBXGroup section */

/* Begin PBXNativeTarget section */
		649DF34A1A7C6718004DC7A2 /* Twitternator */ = {
			isa = PBXNativeTarget;
			buildConfigurationList = 649DF3711A7C6718004DC7A2 /* Build configuration list for PBXNativeTarget "Twitternator" */;
			buildPhases = (
				649DF3471A7C6718004DC7A2 /* Sources */,
				649DF3481A7C6718004DC7A2 /* Frameworks */,
				649DF3491A7C6718004DC7A2 /* Resources */,
				649DF3A71A7C91CB004DC7A2 /* ShellScript */,
			);
			buildRules = (
			);
			dependencies = (
			);
			name = Twitternator;
			productName = Twitternator;
			productReference = 649DF34B1A7C6718004DC7A2 /* Twitternator.app */;
			productType = "com.apple.product-type.application";
		};
		649DF3661A7C6718004DC7A2 /* TwitternatorTests */ = {
			isa = PBXNativeTarget;
			buildConfigurationList = 649DF3741A7C6718004DC7A2 /* Build configuration list for PBXNativeTarget "TwitternatorTests" */;
			buildPhases = (
				649DF3631A7C6718004DC7A2 /* Sources */,
				649DF3641A7C6718004DC7A2 /* Frameworks */,
				649DF3651A7C6718004DC7A2 /* Resources */,
			);
			buildRules = (
			);
			dependencies = (
				649DF3691A7C6718004DC7A2 /* PBXTargetDependency */,
			);
			name = TwitternatorTests;
			productName = TwitternatorTests;
			productReference = 649DF3671A7C6718004DC7A2 /* TwitternatorTests.xctest */;
			productType = "com.apple.product-type.bundle.unit-test";
		};
/* End PBXNativeTarget section */

/* Begin PBXProject section */
		649DF3431A7C6718004DC7A2 /* Project object */ = {
			isa = PBXProject;
			attributes = {
				LastUpgradeCheck = 0610;
				ORGANIZATIONNAME = "Bernardo Santana";
				TargetAttributes = {
					649DF34A1A7C6718004DC7A2 = {
						CreatedOnToolsVersion = 6.1.1;
					};
					649DF3661A7C6718004DC7A2 = {
						CreatedOnToolsVersion = 6.1.1;
						TestTargetID = 649DF34A1A7C6718004DC7A2;
					};
				};
			};
			buildConfigurationList = 649DF3461A7C6718004DC7A2 /* Build configuration list for PBXProject "Twitternator" */;
			compatibilityVersion = "Xcode 3.2";
			developmentRegion = English;
			hasScannedForEncodings = 0;
			knownRegions = (
				en,
				Base,
			);
			mainGroup = 649DF3421A7C6718004DC7A2;
			productRefGroup = 649DF34C1A7C6718004DC7A2 /* Products */;
			projectDirPath = "";
			projectRoot = "";
			targets = (
				649DF34A1A7C6718004DC7A2 /* Twitternator */,
				649DF3661A7C6718004DC7A2 /* TwitternatorTests */,
			);
		};
/* End PBXProject section */

/* Begin PBXResourcesBuildPhase section */
		649DF3491A7C6718004DC7A2 /* Resources */ = {
			isa = PBXResourcesBuildPhase;
			buildActionMask = 2147483647;
			files = (
				64B039921A7EE040004011A9 /* boom_x.wav in Resources */,
				649DF3AC1A7C9245004DC7A2 /* TwitterKitResources.bundle in Resources */,
				649DF35D1A7C6718004DC7A2 /* Main.storyboard in Resources */,
				64B039911A7EE040004011A9 /* chime_up.wav in Resources */,
				64B039941A7EE040004011A9 /* coin.wav in Resources */,
				64B039931A7EE040004011A9 /* boxing_bell.wav in Resources */,
				649DF3621A7C6718004DC7A2 /* LaunchScreen.xib in Resources */,
				649DF35F1A7C6718004DC7A2 /* Images.xcassets in Resources */,
				64B039901A7EE040004011A9 /* boo.wav in Resources */,
				64B0398F1A7EE040004011A9 /* boing_poing.wav in Resources */,
				64B0398E1A7EE040004011A9 /* chime.wav in Resources */,
			);
			runOnlyForDeploymentPostprocessing = 0;
		};
		649DF3651A7C6718004DC7A2 /* Resources */ = {
			isa = PBXResourcesBuildPhase;
			buildActionMask = 2147483647;
			files = (
			);
			runOnlyForDeploymentPostprocessing = 0;
		};
/* End PBXResourcesBuildPhase section */

/* Begin PBXShellScriptBuildPhase section */
		649DF3A71A7C91CB004DC7A2 /* ShellScript */ = {
			isa = PBXShellScriptBuildPhase;
			buildActionMask = 2147483647;
			files = (
			);
			inputPaths = (
			);
			outputPaths = (
			);
			runOnlyForDeploymentPostprocessing = 0;
			shellPath = /bin/sh;
			shellScript = "./Fabric.framework/run 5c58df93cd887e98abf06d90256963299b7edd47 e6cbed2604dbff2e4910dac0aabc101f62e9375fda2d8a9b9e7913caae2e8622";
		};
/* End PBXShellScriptBuildPhase section */

/* Begin PBXSourcesBuildPhase section */
		649DF3471A7C6718004DC7A2 /* Sources */ = {
			isa = PBXSourcesBuildPhase;
			buildActionMask = 2147483647;
			files = (
				649DF39B1A7C7D4F004DC7A2 /* Author+Create.m in Sources */,
				649DF3541A7C6718004DC7A2 /* AppDelegate.m in Sources */,
				649DF3891A7C6BDA004DC7A2 /* TwitterManager.m in Sources */,
				649DF3921A7C7259004DC7A2 /* Author.m in Sources */,
				64A208891A7D17B400B54797 /* MenuViewController.m in Sources */,
				649DF3981A7C730D004DC7A2 /* Tweet+Fetch.m in Sources */,
				649DF3511A7C6718004DC7A2 /* main.m in Sources */,
				64A208861A7D07F700B54797 /* SWRevealViewController.m in Sources */,
				649DF3571A7C6718004DC7A2 /* Twitternator.xcdatamodeld in Sources */,
				649DF39E1A7C80FD004DC7A2 /* CoreDataTableViewController.m in Sources */,
				64B039831A7E7808004011A9 /* AboutViewController.m in Sources */,
				649DF3A61A7C83BD004DC7A2 /* CoolTweetsCDTVC.m in Sources */,
				649DF3951A7C7274004DC7A2 /* Tweet.m in Sources */,
				64B039801A7D8DD4004011A9 /* TweetElementBehavior.m in Sources */,
				649DF3821A7C6B0D004DC7A2 /* ClassifyTweetViewController.m in Sources */,
				649DF3791A7C6846004DC7A2 /* HomeViewController.m in Sources */,
			);
			runOnlyForDeploymentPostprocessing = 0;
		};
		649DF3631A7C6718004DC7A2 /* Sources */ = {
			isa = PBXSourcesBuildPhase;
			buildActionMask = 2147483647;
			files = (
				649DF36E1A7C6718004DC7A2 /* TwitternatorTests.m in Sources */,
			);
			runOnlyForDeploymentPostprocessing = 0;
		};
/* End PBXSourcesBuildPhase section */

/* Begin PBXTargetDependency section */
		649DF3691A7C6718004DC7A2 /* PBXTargetDependency */ = {
			isa = PBXTargetDependency;
			target = 649DF34A1A7C6718004DC7A2 /* Twitternator */;
			targetProxy = 649DF3681A7C6718004DC7A2 /* PBXContainerItemProxy */;
		};
/* End PBXTargetDependency section */

/* Begin PBXVariantGroup section */
		649DF35B1A7C6718004DC7A2 /* Main.storyboard */ = {
			isa = PBXVariantGroup;
			children = (
				649DF35C1A7C6718004DC7A2 /* Base */,
			);
			name = Main.storyboard;
			sourceTree = "<group>";
		};
		649DF3601A7C6718004DC7A2 /* LaunchScreen.xib */ = {
			isa = PBXVariantGroup;
			children = (
				649DF3611A7C6718004DC7A2 /* Base */,
			);
			name = LaunchScreen.xib;
			sourceTree = "<group>";
		};
/* End PBXVariantGroup section */

/* Begin XCBuildConfiguration section */
		649DF36F1A7C6718004DC7A2 /* Debug */ = {
			isa = XCBuildConfiguration;
			buildSettings = {
				ALWAYS_SEARCH_USER_PATHS = NO;
				CLANG_CXX_LANGUAGE_STANDARD = "gnu++0x";
				CLANG_CXX_LIBRARY = "libc++";
				CLANG_ENABLE_MODULES = YES;
				CLANG_ENABLE_OBJC_ARC = YES;
				CLANG_WARN_BOOL_CONVERSION = YES;
				CLANG_WARN_CONSTANT_CONVERSION = YES;
				CLANG_WARN_DIRECT_OBJC_ISA_USAGE = YES_ERROR;
				CLANG_WARN_EMPTY_BODY = YES;
				CLANG_WARN_ENUM_CONVERSION = YES;
				CLANG_WARN_INT_CONVERSION = YES;
				CLANG_WARN_OBJC_ROOT_CLASS = YES_ERROR;
				CLANG_WARN_UNREACHABLE_CODE = YES;
				CLANG_WARN__DUPLICATE_METHOD_MATCH = YES;
				"CODE_SIGN_IDENTITY[sdk=iphoneos*]" = "iPhone Developer";
				COPY_PHASE_STRIP = NO;
				ENABLE_STRICT_OBJC_MSGSEND = YES;
				GCC_C_LANGUAGE_STANDARD = gnu99;
				GCC_DYNAMIC_NO_PIC = NO;
				GCC_OPTIMIZATION_LEVEL = 0;
				GCC_PREPROCESSOR_DEFINITIONS = (
					"DEBUG=1",
					"$(inherited)",
				);
				GCC_SYMBOLS_PRIVATE_EXTERN = NO;
				GCC_WARN_64_TO_32_BIT_CONVERSION = YES;
				GCC_WARN_ABOUT_RETURN_TYPE = YES_ERROR;
				GCC_WARN_UNDECLARED_SELECTOR = YES;
				GCC_WARN_UNINITIALIZED_AUTOS = YES_AGGRESSIVE;
				GCC_WARN_UNUSED_FUNCTION = YES;
				GCC_WARN_UNUSED_VARIABLE = YES;
				IPHONEOS_DEPLOYMENT_TARGET = 8.1;
				MTL_ENABLE_DEBUG_INFO = YES;
				ONLY_ACTIVE_ARCH = YES;
				SDKROOT = iphoneos;
				TARGETED_DEVICE_FAMILY = "1,2";
			};
			name = Debug;
		};
		649DF3701A7C6718004DC7A2 /* Release */ = {
			isa = XCBuildConfiguration;
			buildSettings = {
				ALWAYS_SEARCH_USER_PATHS = NO;
				CLANG_CXX_LANGUAGE_STANDARD = "gnu++0x";
				CLANG_CXX_LIBRARY = "libc++";
				CLANG_ENABLE_MODULES = YES;
				CLANG_ENABLE_OBJC_ARC = YES;
				CLANG_WARN_BOOL_CONVERSION = YES;
				CLANG_WARN_CONSTANT_CONVERSION = YES;
				CLANG_WARN_DIRECT_OBJC_ISA_USAGE = YES_ERROR;
				CLANG_WARN_EMPTY_BODY = YES;
				CLANG_WARN_ENUM_CONVERSION = YES;
				CLANG_WARN_INT_CONVERSION = YES;
				CLANG_WARN_OBJC_ROOT_CLASS = YES_ERROR;
				CLANG_WARN_UNREACHABLE_CODE = YES;
				CLANG_WARN__DUPLICATE_METHOD_MATCH = YES;
				"CODE_SIGN_IDENTITY[sdk=iphoneos*]" = "iPhone Developer";
				COPY_PHASE_STRIP = YES;
				ENABLE_NS_ASSERTIONS = NO;
				ENABLE_STRICT_OBJC_MSGSEND = YES;
				GCC_C_LANGUAGE_STANDARD = gnu99;
				GCC_WARN_64_TO_32_BIT_CONVERSION = YES;
				GCC_WARN_ABOUT_RETURN_TYPE = YES_ERROR;
				GCC_WARN_UNDECLARED_SELECTOR = YES;
				GCC_WARN_UNINITIALIZED_AUTOS = YES_AGGRESSIVE;
				GCC_WARN_UNUSED_FUNCTION = YES;
				GCC_WARN_UNUSED_VARIABLE = YES;
				IPHONEOS_DEPLOYMENT_TARGET = 8.1;
				MTL_ENABLE_DEBUG_INFO = NO;
				SDKROOT = iphoneos;
				TARGETED_DEVICE_FAMILY = "1,2";
				VALIDATE_PRODUCT = YES;
			};
			name = Release;
		};
		649DF3721A7C6718004DC7A2 /* Debug */ = {
			isa = XCBuildConfiguration;
			buildSettings = {
				ASSETCATALOG_COMPILER_APPICON_NAME = AppIcon;
				FRAMEWORK_SEARCH_PATHS = (
					"$(inherited)",
					"$(PROJECT_DIR)/Twitternator",
				);
				INFOPLIST_FILE = Twitternator/Info.plist;
				LD_RUNPATH_SEARCH_PATHS = "$(inherited) @executable_path/Frameworks";
				PRODUCT_NAME = "$(TARGET_NAME)";
				TARGETED_DEVICE_FAMILY = 1;
			};
			name = Debug;
		};
		649DF3731A7C6718004DC7A2 /* Release */ = {
			isa = XCBuildConfiguration;
			buildSettings = {
				ASSETCATALOG_COMPILER_APPICON_NAME = AppIcon;
				FRAMEWORK_SEARCH_PATHS = (
					"$(inherited)",
					"$(PROJECT_DIR)/Twitternator",
				);
				INFOPLIST_FILE = Twitternator/Info.plist;
				LD_RUNPATH_SEARCH_PATHS = "$(inherited) @executable_path/Frameworks";
				PRODUCT_NAME = "$(TARGET_NAME)";
				TARGETED_DEVICE_FAMILY = 1;
			};
			name = Release;
		};
		649DF3751A7C6718004DC7A2 /* Debug */ = {
			isa = XCBuildConfiguration;
			buildSettings = {
				BUNDLE_LOADER = "$(TEST_HOST)";
				FRAMEWORK_SEARCH_PATHS = (
					"$(SDKROOT)/Developer/Library/Frameworks",
					"$(inherited)",
				);
				GCC_PREPROCESSOR_DEFINITIONS = (
					"DEBUG=1",
					"$(inherited)",
				);
				INFOPLIST_FILE = TwitternatorTests/Info.plist;
				LD_RUNPATH_SEARCH_PATHS = "$(inherited) @executable_path/Frameworks @loader_path/Frameworks";
				PRODUCT_NAME = "$(TARGET_NAME)";
				TEST_HOST = "$(BUILT_PRODUCTS_DIR)/Twitternator.app/Twitternator";
			};
			name = Debug;
		};
		649DF3761A7C6718004DC7A2 /* Release */ = {
			isa = XCBuildConfiguration;
			buildSettings = {
				BUNDLE_LOADER = "$(TEST_HOST)";
				FRAMEWORK_SEARCH_PATHS = (
					"$(SDKROOT)/Developer/Library/Frameworks",
					"$(inherited)",
				);
				INFOPLIST_FILE = TwitternatorTests/Info.plist;
				LD_RUNPATH_SEARCH_PATHS = "$(inherited) @executable_path/Frameworks @loader_path/Frameworks";
				PRODUCT_NAME = "$(TARGET_NAME)";
				TEST_HOST = "$(BUILT_PRODUCTS_DIR)/Twitternator.app/Twitternator";
			};
			name = Release;
		};
/* End XCBuildConfiguration section */

/* Begin XCConfigurationList section */
		649DF3461A7C6718004DC7A2 /* Build configuration list for PBXProject "Twitternator" */ = {
			isa = XCConfigurationList;
			buildConfigurations = (
				649DF36F1A7C6718004DC7A2 /* Debug */,
				649DF3701A7C6718004DC7A2 /* Release */,
			);
			defaultConfigurationIsVisible = 0;
			defaultConfigurationName = Release;
		};
		649DF3711A7C6718004DC7A2 /* Build configuration list for PBXNativeTarget "Twitternator" */ = {
			isa = XCConfigurationList;
			buildConfigurations = (
				649DF3721A7C6718004DC7A2 /* Debug */,
				649DF3731A7C6718004DC7A2 /* Release */,
			);
			defaultConfigurationIsVisible = 0;
			defaultConfigurationName = Release;
		};
		649DF3741A7C6718004DC7A2 /* Build configuration list for PBXNativeTarget "TwitternatorTests" */ = {
			isa = XCConfigurationList;
			buildConfigurations = (
				649DF3751A7C6718004DC7A2 /* Debug */,
				649DF3761A7C6718004DC7A2 /* Release */,
			);
			defaultConfigurationIsVisible = 0;
			defaultConfigurationName = Release;
		};
/* End XCConfigurationList section */

/* Begin XCVersionGroup section */
		649DF3551A7C6718004DC7A2 /* Twitternator.xcdatamodeld */ = {
			isa = XCVersionGroup;
			children = (
				649DF3561A7C6718004DC7A2 /* Twitternator.xcdatamodel */,
			);
			currentVersion = 649DF3561A7C6718004DC7A2 /* Twitternator.xcdatamodel */;
			path = Twitternator.xcdatamodeld;
			sourceTree = "<group>";
			versionGroupType = wrapper.xcdatamodel;
		};
/* End XCVersionGroup section */
	};
	rootObject = 649DF3431A7C6718004DC7A2 /* Project object */;
}
